
Microsoft Visual Studio Solution File, Format Version 12.00
# Visual Studio Version 16
VisualStudioVersion = 16.0.28922.388
MinimumVisualStudioVersion = 10.0.40219.1
Project("{FAE04EC0-301F-11D3-BF4B-00C04F79EFBC}") = "DealCardsLanaZE", "DealCardsLanaZE\DealCardsLanaZE.csproj", "{C7953EE7-7C8E-4697-8DAF-31D5C4F52284}"
EndProject
Global
	GlobalSection(SolutionConfigurationPlatforms) = preSolution
		Debug|Any CPU = Debug|Any CPU
		Release|Any CPU = Release|Any CPU
	EndGlobalSection
	GlobalSection(ProjectConfigurationPlatforms) = postSolution
		{C7953EE7-7C8E-4697-8DAF-31D5C4F52284}.Debug|Any CPU.ActiveCfg = Debug|Any CPU
		{C7953EE7-7C8E-4697-8DAF-31D5C4F52284}.Debug|Any CPU.Build.0 = Debug|Any CPU
		{C7953EE7-7C8E-4697-8DAF-31D5C4F52284}.Release|Any CPU.ActiveCfg = Release|Any CPU
		{C7953EE7-7C8E-4697-8DAF-31D5C4F52284}.Release|Any CPU.Build.0 = Release|Any CPU
	EndGlobalSection
	GlobalSection(SolutionProperties) = preSolution
		HideSolutionNode = FALSE
	EndGlobalSection
	GlobalSection(ExtensibilityGlobals) = postSolution
		SolutionGuid = {87F97330-0681-4153-BCB8-41121AA829EF}
	EndGlobalSection
EndGlobal
